
Microsoft Visual Studio Solution File, Format Version 12.00
# Visual Studio 15
VisualStudioVersion = 15.0.26403.7
MinimumVisualStudioVersion = 10.0.40219.1
Project("{FAE04EC0-301F-11D3-BF4B-00C04F79EFBC}") = "landlord", "landlord\landlord.csproj", "{706A1F2D-8EB0-43A5-BC9F-5A124499A298}"
EndProject
Global
	GlobalSection(SolutionConfigurationPlatforms) = preSolution
		Debug|Any CPU = Debug|Any CPU
		Release|Any CPU = Release|Any CPU
	EndGlobalSection
	GlobalSection(ProjectConfigurationPlatforms) = postSolution
		{706A1F2D-8EB0-43A5-BC9F-5A124499A298}.Debug|Any CPU.ActiveCfg = Debug|Any CPU
		{706A1F2D-8EB0-43A5-BC9F-5A124499A298}.Debug|Any CPU.Build.0 = Debug|Any CPU
		{706A1F2D-8EB0-43A5-BC9F-5A124499A298}.Release|Any CPU.ActiveCfg = Release|Any CPU
		{706A1F2D-8EB0-43A5-BC9F-5A124499A298}.Release|Any CPU.Build.0 = Release|Any CPU
	EndGlobalSection
	GlobalSection(SolutionProperties) = preSolution
		HideSolutionNode = FALSE
	EndGlobalSection
EndGlobal
