
Microsoft Visual Studio Solution File, Format Version 12.00
# Visual Studio 2013
VisualStudioVersion = 12.0.0.0
MinimumVisualStudioVersion = 10.0.0.1
Project("{FAE04EC0-301F-11D3-BF4B-00C04F79EFBC}") = "Lab4_Part1", "Lab4_Part1\Lab4_Part1.csproj", "{D143647E-5A68-4C07-8D23-9F8869B88142}"
EndProject
Project("{FAE04EC0-301F-11D3-BF4B-00C04F79EFBC}") = "Lab4_Part2", "Lab4_Part2\Lab4_Part2.csproj", "{A146D41D-4B83-4840-A31B-1202D3A1112C}"
EndProject
Global
	GlobalSection(SolutionConfigurationPlatforms) = preSolution
		Debug|Any CPU = Debug|Any CPU
		Release|Any CPU = Release|Any CPU
	EndGlobalSection
	GlobalSection(ProjectConfigurationPlatforms) = postSolution
		{D143647E-5A68-4C07-8D23-9F8869B88142}.Debug|Any CPU.ActiveCfg = Debug|Any CPU
		{D143647E-5A68-4C07-8D23-9F8869B88142}.Debug|Any CPU.Build.0 = Debug|Any CPU
		{D143647E-5A68-4C07-8D23-9F8869B88142}.Release|Any CPU.ActiveCfg = Release|Any CPU
		{D143647E-5A68-4C07-8D23-9F8869B88142}.Release|Any CPU.Build.0 = Release|Any CPU
		{A146D41D-4B83-4840-A31B-1202D3A1112C}.Debug|Any CPU.ActiveCfg = Debug|Any CPU
		{A146D41D-4B83-4840-A31B-1202D3A1112C}.Debug|Any CPU.Build.0 = Debug|Any CPU
		{A146D41D-4B83-4840-A31B-1202D3A1112C}.Release|Any CPU.ActiveCfg = Release|Any CPU
		{A146D41D-4B83-4840-A31B-1202D3A1112C}.Release|Any CPU.Build.0 = Release|Any CPU
	EndGlobalSection
	GlobalSection(SolutionProperties) = preSolution
		HideSolutionNode = FALSE
	EndGlobalSection
EndGlobal
