
Microsoft Visual Studio Solution File, Format Version 12.00
# Visual Studio 2013
VisualStudioVersion = 12.0.0.0
MinimumVisualStudioVersion = 10.0.0.1
Project("{FAE04EC0-301F-11D3-BF4B-00C04F79EFBC}") = "Lab1_2", "Lab1_2\Lab1_2.csproj", "{4D0157DD-5DE6-4DCA-A713-EC244D2A9ED0}"
EndProject
Project("{FAE04EC0-301F-11D3-BF4B-00C04F79EFBC}") = "Task2", "Task2\Task2.csproj", "{14B81BDF-0548-4BA3-B2A7-50A4CDEA65D8}"
EndProject
Global
	GlobalSection(SolutionConfigurationPlatforms) = preSolution
		Debug|Any CPU = Debug|Any CPU
		Release|Any CPU = Release|Any CPU
	EndGlobalSection
	GlobalSection(ProjectConfigurationPlatforms) = postSolution
		{4D0157DD-5DE6-4DCA-A713-EC244D2A9ED0}.Debug|Any CPU.ActiveCfg = Debug|Any CPU
		{4D0157DD-5DE6-4DCA-A713-EC244D2A9ED0}.Debug|Any CPU.Build.0 = Debug|Any CPU
		{4D0157DD-5DE6-4DCA-A713-EC244D2A9ED0}.Release|Any CPU.ActiveCfg = Release|Any CPU
		{4D0157DD-5DE6-4DCA-A713-EC244D2A9ED0}.Release|Any CPU.Build.0 = Release|Any CPU
		{14B81BDF-0548-4BA3-B2A7-50A4CDEA65D8}.Debug|Any CPU.ActiveCfg = Debug|Any CPU
		{14B81BDF-0548-4BA3-B2A7-50A4CDEA65D8}.Debug|Any CPU.Build.0 = Debug|Any CPU
		{14B81BDF-0548-4BA3-B2A7-50A4CDEA65D8}.Release|Any CPU.ActiveCfg = Release|Any CPU
		{14B81BDF-0548-4BA3-B2A7-50A4CDEA65D8}.Release|Any CPU.Build.0 = Release|Any CPU
	EndGlobalSection
	GlobalSection(SolutionProperties) = preSolution
		HideSolutionNode = FALSE
	EndGlobalSection
EndGlobal
